<?xml version="1.0" encoding="utf-8"?>
<Project ToolsVersion="4.0" xmlns="http://schemas.microsoft.com/developer/msbuild/2003">
  <ItemGroup>
    <Filter Include="소스 파일">
      <UniqueIdentifier>{4FC737F1-C7A5-4376-A066-2A32D752A2FF}</UniqueIdentifier>
      <Extensions>cpp;c;cc;cxx;c++;cppm;ixx;def;odl;idl;hpj;bat;asm;asmx</Extensions>
    </Filter>
    <Filter Include="헤더 파일">
      <UniqueIdentifier>{93995380-89BD-4b04-88EB-625FBE52EBFB}</UniqueIdentifier>
      <Extensions>h;hh;hpp;hxx;h++;hm;inl;inc;ipp;xsd</Extensions>
    </Filter>
    <Filter Include="리소스 파일">
      <UniqueIdentifier>{67DA6AB6-F800-4c08-8B7A-83BB121AAD01}</UniqueIdentifier>
      <Extensions>rc;ico;cur;bmp;dlg;rc2;rct;bin;rgs;gif;jpg;jpeg;jpe;resx;tiff;tif;png;wav;mfcribbon-ms</Extensions>
    </Filter>
    <Filter Include="소스 파일\CharacterSystem">
      <UniqueIdentifier>{1a1d5b11-1105-4224-b940-758f55371439}</UniqueIdentifier>
    </Filter>
    <Filter Include="소스 파일\StatusSystem">
      <UniqueIdentifier>{6e94fa12-ed4e-49f7-9a56-e42e177b28d2}</UniqueIdentifier>
    </Filter>
    <Filter Include="헤더 파일\EventSystem">
      <UniqueIdentifier>{0dfa23f1-0f50-401d-9429-8402a4b995a8}</UniqueIdentifier>
    </Filter>
    <Filter Include="헤더 파일\GameSystem">
      <UniqueIdentifier>{b5e204e5-e408-426b-a434-0ed0e1b55883}</UniqueIdentifier>
    </Filter>
    <Filter Include="소스 파일\GameSystem">
      <UniqueIdentifier>{768a6a38-2da3-460b-a6ff-721f5ecdaa34}</UniqueIdentifier>
    </Filter>
    <Filter Include="헤더 파일\CharacterSystem">
      <UniqueIdentifier>{bbdfc25e-057d-4b4f-9a04-d49861550232}</UniqueIdentifier>
    </Filter>
    <Filter Include="소스 파일\EventSystem">
      <UniqueIdentifier>{f7bb552b-4e84-4cb5-96bf-7080180c4414}</UniqueIdentifier>
    </Filter>
  </ItemGroup>
  <ItemGroup>
    <ClCompile Include="GameMain.cpp">
      <Filter>소스 파일</Filter>
    </ClCompile>
    <ClCompile Include="pch.cpp">
      <Filter>소스 파일</Filter>
    </ClCompile>
    <ClCompile Include="Character.cpp">
      <Filter>소스 파일\CharacterSystem</Filter>
    </ClCompile>
    <ClCompile Include="GameSystem.cpp">
      <Filter>소스 파일\GameSystem</Filter>
    </ClCompile>
    <ClCompile Include="CharacterFactory.cpp">
      <Filter>소스 파일\CharacterSystem</Filter>
    </ClCompile>
    <ClCompile Include="EventManagerSystem.cpp">
      <Filter>소스 파일\EventSystem</Filter>
    </ClCompile>
    <ClCompile Include="GlobalEventManager.cpp">
      <Filter>소스 파일\EventSystem</Filter>
    </ClCompile>
    <ClCompile Include="IStrategy.cpp">
      <Filter>소스 파일\CharacterSystem</Filter>
    </ClCompile>
    <ClCompile Include="UIEventManagerSystem.cpp">
      <Filter>소스 파일\EventSystem</Filter>
    </ClCompile>
    <ClCompile Include="StatComponent.cpp">
      <Filter>소스 파일\CharacterSystem</Filter>
    </ClCompile>
    <ClCompile Include="StatsLoader.cpp">
      <Filter>소스 파일</Filter>
    </ClCompile>
  </ItemGroup>
  <ItemGroup>
    <ClInclude Include="pch.h">
      <Filter>헤더 파일</Filter>
    </ClInclude>
    <ClInclude Include="IEventTypes.h">
      <Filter>헤더 파일\EventSystem</Filter>
    </ClInclude>
    <ClInclude Include="GlobalEventManager.h">
      <Filter>헤더 파일\EventSystem</Filter>
    </ClInclude>
    <ClInclude Include="EventManagerSystem.h">
      <Filter>헤더 파일\EventSystem</Filter>
    </ClInclude>
    <ClInclude Include="UIEventManagerSystem.h">
      <Filter>헤더 파일\EventSystem</Filter>
    </ClInclude>
    <ClInclude Include="IStrategy.h">
      <Filter>헤더 파일\EventSystem</Filter>
    </ClInclude>
    <ClInclude Include="GameSystem.h">
      <Filter>헤더 파일\GameSystem</Filter>
    </ClInclude>
    <ClInclude Include="CharacterFactory.h">
      <Filter>헤더 파일\CharacterSystem</Filter>
    </ClInclude>
    <ClInclude Include="Character.h">
      <Filter>헤더 파일\CharacterSystem</Filter>
    </ClInclude>
    <ClInclude Include="PlayerCharacter.h">
      <Filter>헤더 파일\CharacterSystem</Filter>
    </ClInclude>
    <ClInclude Include="StatComponent.h">
      <Filter>헤더 파일\CharacterSystem</Filter>
    </ClInclude>
    <ClInclude Include="StatsLoader.h">
      <Filter>헤더 파일\CharacterSystem</Filter>
    </ClInclude>
  </ItemGroup>
</Project>